
Microsoft Visual Studio Solution File, Format Version 12.00
# Visual Studio 15
VisualStudioVersion = 15.0.28307.757
MinimumVisualStudioVersion = 10.0.40219.1
Project("{FAE04EC0-301F-11D3-BF4B-00C04F79EFBC}") = "CurrencyConverter", "CurrencyConverter\CurrencyConverter.csproj", "{00ADD834-63C2-4DEE-8235-8F9FD21799D8}"
EndProject
Global
	GlobalSection(SolutionConfigurationPlatforms) = preSolution
		Debug|Any CPU = Debug|Any CPU
		Release|Any CPU = Release|Any CPU
	EndGlobalSection
	GlobalSection(ProjectConfigurationPlatforms) = postSolution
		{00ADD834-63C2-4DEE-8235-8F9FD21799D8}.Debug|Any CPU.ActiveCfg = Debug|Any CPU
		{00ADD834-63C2-4DEE-8235-8F9FD21799D8}.Debug|Any CPU.Build.0 = Debug|Any CPU
		{00ADD834-63C2-4DEE-8235-8F9FD21799D8}.Release|Any CPU.ActiveCfg = Release|Any CPU
		{00ADD834-63C2-4DEE-8235-8F9FD21799D8}.Release|Any CPU.Build.0 = Release|Any CPU
	EndGlobalSection
	GlobalSection(SolutionProperties) = preSolution
		HideSolutionNode = FALSE
	EndGlobalSection
	GlobalSection(ExtensibilityGlobals) = postSolution
		SolutionGuid = {DBC8E02A-BB80-4A25-903A-56D32446AE0B}
	EndGlobalSection
EndGlobal
